
Microsoft Visual Studio Solution File, Format Version 12.00
# Visual Studio 15
Project("{FAE04EC0-301F-11D3-BF4B-00C04F79EFBC}") = "PhotonUnityNetworking.Utilities", "PhotonUnityNetworking.Utilities.csproj", "{A3FB8926-7B37-7769-5E35-37B57A580D55}"
EndProject
Project("{FAE04EC0-301F-11D3-BF4B-00C04F79EFBC}") = "Assembly-CSharp", "Assembly-CSharp.csproj", "{F0A37D61-6CB6-3379-FAE3-733064F887B7}"
EndProject
Project("{FAE04EC0-301F-11D3-BF4B-00C04F79EFBC}") = "PhotonUnityNetworking", "PhotonUnityNetworking.csproj", "{5D4975AF-9957-3C8A-0307-77FEAF1EE57A}"
EndProject
Project("{FAE04EC0-301F-11D3-BF4B-00C04F79EFBC}") = "PhotonChat", "PhotonChat.csproj", "{D3CE30DD-FD13-6D18-E026-C9FB62445C9B}"
EndProject
Project("{FAE04EC0-301F-11D3-BF4B-00C04F79EFBC}") = "PhotonRealtime", "PhotonRealtime.csproj", "{ADF357AC-1970-2209-66F8-5D9771248D7E}"
EndProject
Project("{FAE04EC0-301F-11D3-BF4B-00C04F79EFBC}") = "PhotonUnityNetworking.Editor", "PhotonUnityNetworking.Editor.csproj", "{C72AF681-6D08-2D0D-BC27-A0AE77D2309A}"
EndProject
Project("{FAE04EC0-301F-11D3-BF4B-00C04F79EFBC}") = "PhotonUnityNetworking.Utilities.PhotonPlayer.Editor", "PhotonUnityNetworking.Utilities.PhotonPlayer.Editor.csproj", "{32E53F34-9DCA-9D29-1DC9-721F5F6BF967}"
EndProject
Project("{FAE04EC0-301F-11D3-BF4B-00C04F79EFBC}") = "PhotonUnityNetworking.Utilities.Culling.Editor", "PhotonUnityNetworking.Utilities.Culling.Editor.csproj", "{CBE35034-6FB0-7E68-0F2A-B06A2B66FA6E}"
EndProject
Project("{FAE04EC0-301F-11D3-BF4B-00C04F79EFBC}") = "Assembly-CSharp-Editor", "Assembly-CSharp-Editor.csproj", "{261FEFC6-C1A9-9ADA-048D-59D657F73F55}"
EndProject
Global
	GlobalSection(SolutionConfigurationPlatforms) = preSolution
		Debug|Any CPU = Debug|Any CPU
		Release|Any CPU = Release|Any CPU
	EndGlobalSection
	GlobalSection(ProjectConfigurationPlatforms) = postSolution
		{A3FB8926-7B37-7769-5E35-37B57A580D55}.Debug|Any CPU.ActiveCfg = Debug|Any CPU
		{A3FB8926-7B37-7769-5E35-37B57A580D55}.Debug|Any CPU.Build.0 = Debug|Any CPU
		{A3FB8926-7B37-7769-5E35-37B57A580D55}.Release|Any CPU.ActiveCfg = Release|Any CPU
		{A3FB8926-7B37-7769-5E35-37B57A580D55}.Release|Any CPU.Build.0 = Release|Any CPU
		{F0A37D61-6CB6-3379-FAE3-733064F887B7}.Debug|Any CPU.ActiveCfg = Debug|Any CPU
		{F0A37D61-6CB6-3379-FAE3-733064F887B7}.Debug|Any CPU.Build.0 = Debug|Any CPU
		{F0A37D61-6CB6-3379-FAE3-733064F887B7}.Release|Any CPU.ActiveCfg = Release|Any CPU
		{F0A37D61-6CB6-3379-FAE3-733064F887B7}.Release|Any CPU.Build.0 = Release|Any CPU
		{5D4975AF-9957-3C8A-0307-77FEAF1EE57A}.Debug|Any CPU.ActiveCfg = Debug|Any CPU
		{5D4975AF-9957-3C8A-0307-77FEAF1EE57A}.Debug|Any CPU.Build.0 = Debug|Any CPU
		{5D4975AF-9957-3C8A-0307-77FEAF1EE57A}.Release|Any CPU.ActiveCfg = Release|Any CPU
		{5D4975AF-9957-3C8A-0307-77FEAF1EE57A}.Release|Any CPU.Build.0 = Release|Any CPU
		{D3CE30DD-FD13-6D18-E026-C9FB62445C9B}.Debug|Any CPU.ActiveCfg = Debug|Any CPU
		{D3CE30DD-FD13-6D18-E026-C9FB62445C9B}.Debug|Any CPU.Build.0 = Debug|Any CPU
		{D3CE30DD-FD13-6D18-E026-C9FB62445C9B}.Release|Any CPU.ActiveCfg = Release|Any CPU
		{D3CE30DD-FD13-6D18-E026-C9FB62445C9B}.Release|Any CPU.Build.0 = Release|Any CPU
		{ADF357AC-1970-2209-66F8-5D9771248D7E}.Debug|Any CPU.ActiveCfg = Debug|Any CPU
		{ADF357AC-1970-2209-66F8-5D9771248D7E}.Debug|Any CPU.Build.0 = Debug|Any CPU
		{ADF357AC-1970-2209-66F8-5D9771248D7E}.Release|Any CPU.ActiveCfg = Release|Any CPU
		{ADF357AC-1970-2209-66F8-5D9771248D7E}.Release|Any CPU.Build.0 = Release|Any CPU
		{C72AF681-6D08-2D0D-BC27-A0AE77D2309A}.Debug|Any CPU.ActiveCfg = Debug|Any CPU
		{C72AF681-6D08-2D0D-BC27-A0AE77D2309A}.Debug|Any CPU.Build.0 = Debug|Any CPU
		{C72AF681-6D08-2D0D-BC27-A0AE77D2309A}.Release|Any CPU.ActiveCfg = Release|Any CPU
		{C72AF681-6D08-2D0D-BC27-A0AE77D2309A}.Release|Any CPU.Build.0 = Release|Any CPU
		{32E53F34-9DCA-9D29-1DC9-721F5F6BF967}.Debug|Any CPU.ActiveCfg = Debug|Any CPU
		{32E53F34-9DCA-9D29-1DC9-721F5F6BF967}.Debug|Any CPU.Build.0 = Debug|Any CPU
		{32E53F34-9DCA-9D29-1DC9-721F5F6BF967}.Release|Any CPU.ActiveCfg = Release|Any CPU
		{32E53F34-9DCA-9D29-1DC9-721F5F6BF967}.Release|Any CPU.Build.0 = Release|Any CPU
		{CBE35034-6FB0-7E68-0F2A-B06A2B66FA6E}.Debug|Any CPU.ActiveCfg = Debug|Any CPU
		{CBE35034-6FB0-7E68-0F2A-B06A2B66FA6E}.Debug|Any CPU.Build.0 = Debug|Any CPU
		{CBE35034-6FB0-7E68-0F2A-B06A2B66FA6E}.Release|Any CPU.ActiveCfg = Release|Any CPU
		{CBE35034-6FB0-7E68-0F2A-B06A2B66FA6E}.Release|Any CPU.Build.0 = Release|Any CPU
		{261FEFC6-C1A9-9ADA-048D-59D657F73F55}.Debug|Any CPU.ActiveCfg = Debug|Any CPU
		{261FEFC6-C1A9-9ADA-048D-59D657F73F55}.Debug|Any CPU.Build.0 = Debug|Any CPU
		{261FEFC6-C1A9-9ADA-048D-59D657F73F55}.Release|Any CPU.ActiveCfg = Release|Any CPU
		{261FEFC6-C1A9-9ADA-048D-59D657F73F55}.Release|Any CPU.Build.0 = Release|Any CPU
	EndGlobalSection
	GlobalSection(SolutionProperties) = preSolution
		HideSolutionNode = FALSE
	EndGlobalSection
EndGlobal
